
Microsoft Visual Studio Solution File, Format Version 12.00
# Visual Studio Version 17
VisualStudioVersion = 17.0.31903.59
MinimumVisualStudioVersion = 10.0.40219.1
Project("{2150E333-8FDC-42A3-9474-1A3956D46DE8}") = "src", "src", "{827E0CD3-B72D-47B6-A68D-7590B98EB39B}"
EndProject
Project("{FAE04EC0-301F-11D3-BF4B-00C04F79EFBC}") = "KanbanTracker.Domain", "src\KanbanTracker.Domain\KanbanTracker.Domain.csproj", "{A89BFDB1-C040-4BA7-A4E2-58AFE499B867}"
EndProject
Project("{FAE04EC0-301F-11D3-BF4B-00C04F79EFBC}") = "KanbanTracker.App", "src\KanbanTracker.App\KanbanTracker.App.csproj", "{D0895FCA-4AFD-4DEA-802B-2A6C626F69AA}"
EndProject
Project("{2150E333-8FDC-42A3-9474-1A3956D46DE8}") = "tests", "tests", "{0AB3BF05-4346-4AA6-1389-037BE0695223}"
EndProject
Project("{FAE04EC0-301F-11D3-BF4B-00C04F79EFBC}") = "KanbanTracker.Tests", "tests\KanbanTracker.Tests\KanbanTracker.Tests.csproj", "{A910BEC7-2962-4147-930B-2D22C11A31D6}"
EndProject
Global
	GlobalSection(SolutionConfigurationPlatforms) = preSolution
		Debug|Any CPU = Debug|Any CPU
		Debug|x64 = Debug|x64
		Debug|x86 = Debug|x86
		Release|Any CPU = Release|Any CPU
		Release|x64 = Release|x64
		Release|x86 = Release|x86
	EndGlobalSection
	GlobalSection(ProjectConfigurationPlatforms) = postSolution
		{A89BFDB1-C040-4BA7-A4E2-58AFE499B867}.Debug|Any CPU.ActiveCfg = Debug|Any CPU
		{A89BFDB1-C040-4BA7-A4E2-58AFE499B867}.Debug|Any CPU.Build.0 = Debug|Any CPU
		{A89BFDB1-C040-4BA7-A4E2-58AFE499B867}.Debug|x64.ActiveCfg = Debug|Any CPU
		{A89BFDB1-C040-4BA7-A4E2-58AFE499B867}.Debug|x64.Build.0 = Debug|Any CPU
		{A89BFDB1-C040-4BA7-A4E2-58AFE499B867}.Debug|x86.ActiveCfg = Debug|Any CPU
		{A89BFDB1-C040-4BA7-A4E2-58AFE499B867}.Debug|x86.Build.0 = Debug|Any CPU
		{A89BFDB1-C040-4BA7-A4E2-58AFE499B867}.Release|Any CPU.ActiveCfg = Release|Any CPU
		{A89BFDB1-C040-4BA7-A4E2-58AFE499B867}.Release|Any CPU.Build.0 = Release|Any CPU
		{A89BFDB1-C040-4BA7-A4E2-58AFE499B867}.Release|x64.ActiveCfg = Release|Any CPU
		{A89BFDB1-C040-4BA7-A4E2-58AFE499B867}.Release|x64.Build.0 = Release|Any CPU
		{A89BFDB1-C040-4BA7-A4E2-58AFE499B867}.Release|x86.ActiveCfg = Release|Any CPU
		{A89BFDB1-C040-4BA7-A4E2-58AFE499B867}.Release|x86.Build.0 = Release|Any CPU
		{D0895FCA-4AFD-4DEA-802B-2A6C626F69AA}.Debug|Any CPU.ActiveCfg = Debug|Any CPU
		{D0895FCA-4AFD-4DEA-802B-2A6C626F69AA}.Debug|Any CPU.Build.0 = Debug|Any CPU
		{D0895FCA-4AFD-4DEA-802B-2A6C626F69AA}.Debug|x64.ActiveCfg = Debug|Any CPU
		{D0895FCA-4AFD-4DEA-802B-2A6C626F69AA}.Debug|x64.Build.0 = Debug|Any CPU
		{D0895FCA-4AFD-4DEA-802B-2A6C626F69AA}.Debug|x86.ActiveCfg = Debug|Any CPU
		{D0895FCA-4AFD-4DEA-802B-2A6C626F69AA}.Debug|x86.Build.0 = Debug|Any CPU
		{D0895FCA-4AFD-4DEA-802B-2A6C626F69AA}.Release|Any CPU.ActiveCfg = Release|Any CPU
		{D0895FCA-4AFD-4DEA-802B-2A6C626F69AA}.Release|Any CPU.Build.0 = Release|Any CPU
		{D0895FCA-4AFD-4DEA-802B-2A6C626F69AA}.Release|x64.ActiveCfg = Release|Any CPU
		{D0895FCA-4AFD-4DEA-802B-2A6C626F69AA}.Release|x64.Build.0 = Release|Any CPU
		{D0895FCA-4AFD-4DEA-802B-2A6C626F69AA}.Release|x86.ActiveCfg = Release|Any CPU
		{D0895FCA-4AFD-4DEA-802B-2A6C626F69AA}.Release|x86.Build.0 = Release|Any CPU
		{A910BEC7-2962-4147-930B-2D22C11A31D6}.Debug|Any CPU.ActiveCfg = Debug|Any CPU
		{A910BEC7-2962-4147-930B-2D22C11A31D6}.Debug|Any CPU.Build.0 = Debug|Any CPU
		{A910BEC7-2962-4147-930B-2D22C11A31D6}.Debug|x64.ActiveCfg = Debug|Any CPU
		{A910BEC7-2962-4147-930B-2D22C11A31D6}.Debug|x64.Build.0 = Debug|Any CPU
		{A910BEC7-2962-4147-930B-2D22C11A31D6}.Debug|x86.ActiveCfg = Debug|Any CPU
		{A910BEC7-2962-4147-930B-2D22C11A31D6}.Debug|x86.Build.0 = Debug|Any CPU
		{A910BEC7-2962-4147-930B-2D22C11A31D6}.Release|Any CPU.ActiveCfg = Release|Any CPU
		{A910BEC7-2962-4147-930B-2D22C11A31D6}.Release|Any CPU.Build.0 = Release|Any CPU
		{A910BEC7-2962-4147-930B-2D22C11A31D6}.Release|x64.ActiveCfg = Release|Any CPU
		{A910BEC7-2962-4147-930B-2D22C11A31D6}.Release|x64.Build.0 = Release|Any CPU
		{A910BEC7-2962-4147-930B-2D22C11A31D6}.Release|x86.ActiveCfg = Release|Any CPU
		{A910BEC7-2962-4147-930B-2D22C11A31D6}.Release|x86.Build.0 = Release|Any CPU
	EndGlobalSection
	GlobalSection(SolutionProperties) = preSolution
		HideSolutionNode = FALSE
	EndGlobalSection
	GlobalSection(NestedProjects) = preSolution
		{A89BFDB1-C040-4BA7-A4E2-58AFE499B867} = {827E0CD3-B72D-47B6-A68D-7590B98EB39B}
		{D0895FCA-4AFD-4DEA-802B-2A6C626F69AA} = {827E0CD3-B72D-47B6-A68D-7590B98EB39B}
		{A910BEC7-2962-4147-930B-2D22C11A31D6} = {0AB3BF05-4346-4AA6-1389-037BE0695223}
	EndGlobalSection
EndGlobal
